
Microsoft Visual Studio Solution File, Format Version 12.00
# Visual Studio Version 17
VisualStudioVersion = 17.7.33808.371
MinimumVisualStudioVersion = 10.0.40219.1
Project("{FAE04EC0-301F-11D3-BF4B-00C04F79EFBC}") = "ConsoleAppRandomShuffle", "ConsoleAppRandomShuffle.csproj", "{9F8936BB-1497-4CEF-AA0E-037A2DE83D85}"
EndProject
Global
	GlobalSection(SolutionConfigurationPlatforms) = preSolution
		Debug|Any CPU = Debug|Any CPU
		Release|Any CPU = Release|Any CPU
	EndGlobalSection
	GlobalSection(ProjectConfigurationPlatforms) = postSolution
		{9F8936BB-1497-4CEF-AA0E-037A2DE83D85}.Debug|Any CPU.ActiveCfg = Debug|Any CPU
		{9F8936BB-1497-4CEF-AA0E-037A2DE83D85}.Debug|Any CPU.Build.0 = Debug|Any CPU
		{9F8936BB-1497-4CEF-AA0E-037A2DE83D85}.Release|Any CPU.ActiveCfg = Release|Any CPU
		{9F8936BB-1497-4CEF-AA0E-037A2DE83D85}.Release|Any CPU.Build.0 = Release|Any CPU
	EndGlobalSection
	GlobalSection(SolutionProperties) = preSolution
		HideSolutionNode = FALSE
	EndGlobalSection
	GlobalSection(ExtensibilityGlobals) = postSolution
		SolutionGuid = {0750F47F-424E-400A-B023-EA14AAD510D8}
	EndGlobalSection
EndGlobal
